
Microsoft Visual Studio Solution File, Format Version 12.00
# Visual Studio Version 16
VisualStudioVersion = 16.0.30907.101
MinimumVisualStudioVersion = 10.0.40219.1
Project("{9A19103F-16F7-4668-BE54-9A1E7A4F7556}") = "IndoorClimateDesktop.Domain", "IndoorClimateDesktop.Domain\IndoorClimateDesktop.Domain.csproj", "{9C4D314A-47DE-4849-B003-769427356C91}"
EndProject
Project("{9A19103F-16F7-4668-BE54-9A1E7A4F7556}") = "IndoorClimateDesktop.Avalonia", "IndoorClimateDesktop.Avalonia\IndoorClimateDesktop.Avalonia.csproj", "{71FA10CE-4D63-4DD9-96B5-B45DCFA609D7}"
EndProject
Project("{FAE04EC0-301F-11D3-BF4B-00C04F79EFBC}") = "IndoorClimateDesktop.Services", "IndoorClimateDesktop.Services\IndoorClimateDesktop.Services.csproj", "{022FE3EB-EB6C-4584-B0A6-E4539083DBE9}"
EndProject
Global
	GlobalSection(SolutionConfigurationPlatforms) = preSolution
		Debug|Any CPU = Debug|Any CPU
		Release|Any CPU = Release|Any CPU
	EndGlobalSection
	GlobalSection(ProjectConfigurationPlatforms) = postSolution
		{9C4D314A-47DE-4849-B003-769427356C91}.Debug|Any CPU.ActiveCfg = Debug|Any CPU
		{9C4D314A-47DE-4849-B003-769427356C91}.Debug|Any CPU.Build.0 = Debug|Any CPU
		{9C4D314A-47DE-4849-B003-769427356C91}.Release|Any CPU.ActiveCfg = Release|Any CPU
		{9C4D314A-47DE-4849-B003-769427356C91}.Release|Any CPU.Build.0 = Release|Any CPU
		{71FA10CE-4D63-4DD9-96B5-B45DCFA609D7}.Debug|Any CPU.ActiveCfg = Debug|Any CPU
		{71FA10CE-4D63-4DD9-96B5-B45DCFA609D7}.Debug|Any CPU.Build.0 = Debug|Any CPU
		{71FA10CE-4D63-4DD9-96B5-B45DCFA609D7}.Release|Any CPU.ActiveCfg = Release|Any CPU
		{71FA10CE-4D63-4DD9-96B5-B45DCFA609D7}.Release|Any CPU.Build.0 = Release|Any CPU
		{022FE3EB-EB6C-4584-B0A6-E4539083DBE9}.Debug|Any CPU.ActiveCfg = Debug|Any CPU
		{022FE3EB-EB6C-4584-B0A6-E4539083DBE9}.Debug|Any CPU.Build.0 = Debug|Any CPU
		{022FE3EB-EB6C-4584-B0A6-E4539083DBE9}.Release|Any CPU.ActiveCfg = Release|Any CPU
		{022FE3EB-EB6C-4584-B0A6-E4539083DBE9}.Release|Any CPU.Build.0 = Release|Any CPU
	EndGlobalSection
	GlobalSection(SolutionProperties) = preSolution
		HideSolutionNode = FALSE
	EndGlobalSection
	GlobalSection(ExtensibilityGlobals) = postSolution
		SolutionGuid = {8EB6647B-D727-45CC-942F-74D35F8A1BC0}
	EndGlobalSection
EndGlobal
